
Microsoft Visual Studio Solution File, Format Version 12.00
# Visual Studio Version 16
VisualStudioVersion = 16.0.29519.87
MinimumVisualStudioVersion = 10.0.40219.1
Project("{FAE04EC0-301F-11D3-BF4B-00C04F79EFBC}") = "A_Day_At_The_Race", "A_Day_At_The_Race.csproj", "{1B90AB6C-B2E4-4080-A61A-8178AB569E6E}"
EndProject
Global
	GlobalSection(SolutionConfigurationPlatforms) = preSolution
		Debug|Any CPU = Debug|Any CPU
		Release|Any CPU = Release|Any CPU
	EndGlobalSection
	GlobalSection(ProjectConfigurationPlatforms) = postSolution
		{1B90AB6C-B2E4-4080-A61A-8178AB569E6E}.Debug|Any CPU.ActiveCfg = Debug|Any CPU
		{1B90AB6C-B2E4-4080-A61A-8178AB569E6E}.Debug|Any CPU.Build.0 = Debug|Any CPU
		{1B90AB6C-B2E4-4080-A61A-8178AB569E6E}.Release|Any CPU.ActiveCfg = Release|Any CPU
		{1B90AB6C-B2E4-4080-A61A-8178AB569E6E}.Release|Any CPU.Build.0 = Release|Any CPU
	EndGlobalSection
	GlobalSection(SolutionProperties) = preSolution
		HideSolutionNode = FALSE
	EndGlobalSection
	GlobalSection(ExtensibilityGlobals) = postSolution
		SolutionGuid = {D7374B82-BEF0-4586-AABF-6173D47F4B3B}
	EndGlobalSection
EndGlobal
